// !$*UTF8*$!
{
	archiveVersion = 1;
	classes = {
	};
	objectVersion = 56;
	objects = {

/* Begin PBXBuildFile section */
		A3A5E2282A5F8FCA009CE0FA /* MakeGameApp.swift in Sources */ = {isa = PBXBuildFile; fileRef = A3A5E2272A5F8FCA009CE0FA /* MakeGameApp.swift */; };
		A3A5E22A2A5F8FCA009CE0FA /* GameView.swift in Sources */ = {isa = PBXBuildFile; fileRef = A3A5E2292A5F8FCA009CE0FA /* GameView.swift */; };
		A3A5E22C2A5F8FCC009CE0FA /* Assets.xcassets in Resources */ = {isa = PBXBuildFile; fileRef = A3A5E22B2A5F8FCC009CE0FA /* Assets.xcassets */; };
		A3A5E22F2A5F8FCC009CE0FA /* Preview Assets.xcassets in Resources */ = {isa = PBXBuildFile; fileRef = A3A5E22E2A5F8FCC009CE0FA /* Preview Assets.xcassets */; };
		A3A5E2362A5F8FFF009CE0FA /* CardView.swift in Sources */ = {isa = PBXBuildFile; fileRef = A3A5E2352A5F8FFF009CE0FA /* CardView.swift */; };
		A3A5E2382A5F94BB009CE0FA /* GridStack.swift in Sources */ = {isa = PBXBuildFile; fileRef = A3A5E2372A5F94BB009CE0FA /* GridStack.swift */; };
		A3A5E23A2A5F995A009CE0FA /* GameModel.swift in Sources */ = {isa = PBXBuildFile; fileRef = A3A5E2392A5F995A009CE0FA /* GameModel.swift */; };
		A3BE3C272A5FC929001C0E36 /* MenuItemView.swift in Sources */ = {isa = PBXBuildFile; fileRef = A3BE3C262A5FC929001C0E36 /* MenuItemView.swift */; };
/* End PBXBuildFile section */

/* Begin PBXFileReference section */
		A3A5E2242A5F8FCA009CE0FA /* MakeGame.app */ = {isa = PBXFileReference; explicitFileType = wrapper.application; includeInIndex = 0; path = MakeGame.app; sourceTree = BUILT_PRODUCTS_DIR; };
		A3A5E2272A5F8FCA009CE0FA /* MakeGameApp.swift */ = {isa = PBXFileReference; lastKnownFileType = sourcecode.swift; path = MakeGameApp.swift; sourceTree = "<group>"; };
		A3A5E2292A5F8FCA009CE0FA /* GameView.swift */ = {isa = PBXFileReference; lastKnownFileType = sourcecode.swift; path = GameView.swift; sourceTree = "<group>"; };
		A3A5E22B2A5F8FCC009CE0FA /* Assets.xcassets */ = {isa = PBXFileReference; lastKnownFileType = folder.assetcatalog; path = Assets.xcassets; sourceTree = "<group>"; };
		A3A5E22E2A5F8FCC009CE0FA /* Preview Assets.xcassets */ = {isa = PBXFileReference; lastKnownFileType = folder.assetcatalog; path = "Preview Assets.xcassets"; sourceTree = "<group>"; };
		A3A5E2352A5F8FFF009CE0FA /* CardView.swift */ = {isa = PBXFileReference; lastKnownFileType = sourcecode.swift; path = CardView.swift; sourceTree = "<group>"; };
		A3A5E2372A5F94BB009CE0FA /* GridStack.swift */ = {isa = PBXFileReference; lastKnownFileType = sourcecode.swift; path = GridStack.swift; sourceTree = "<group>"; };
		A3A5E2392A5F995A009CE0FA /* GameModel.swift */ = {isa = PBXFileReference; lastKnownFileType = sourcecode.swift; path = GameModel.swift; sourceTree = "<group>"; };
		A3BE3C262A5FC929001C0E36 /* MenuItemView.swift */ = {isa = PBXFileReference; lastKnownFileType = sourcecode.swift; path = MenuItemView.swift; sourceTree = "<group>"; };
/* End PBXFileReference section */

/* Begin PBXFrameworksBuildPhase section */
		A3A5E2212A5F8FCA009CE0FA /* Frameworks */ = {
			isa = PBXFrameworksBuildPhase;
			buildActionMask = 2147483647;
			files = (
			);
			runOnlyForDeploymentPostprocessing = 0;
		};
/* End PBXFrameworksBuildPhase section */

/* Begin PBXGroup section */
		A3A5E21B2A5F8FCA009CE0FA = {
			isa = PBXGroup;
			children = (
				A3A5E2262A5F8FCA009CE0FA /* MakeGame */,
				A3A5E2252A5F8FCA009CE0FA /* Products */,
			);
			sourceTree = "<group>";
		};
		A3A5E2252A5F8FCA009CE0FA /* Products */ = {
			isa = PBXGroup;
			children = (
				A3A5E2242A5F8FCA009CE0FA /* MakeGame.app */,
			);
			name = Products;
			sourceTree = "<group>";
		};
		A3A5E2262A5F8FCA009CE0FA /* MakeGame */ = {
			isa = PBXGroup;
			children = (
				A3A5E2272A5F8FCA009CE0FA /* MakeGameApp.swift */,
				A3A5E2292A5F8FCA009CE0FA /* GameView.swift */,
				A3A5E22B2A5F8FCC009CE0FA /* Assets.xcassets */,
				A3A5E22D2A5F8FCC009CE0FA /* Preview Content */,
				A3A5E2352A5F8FFF009CE0FA /* CardView.swift */,
				A3A5E2372A5F94BB009CE0FA /* GridStack.swift */,
				A3A5E2392A5F995A009CE0FA /* GameModel.swift */,
				A3BE3C262A5FC929001C0E36 /* MenuItemView.swift */,
			);
			path = MakeGame;
			sourceTree = "<group>";
		};
		A3A5E22D2A5F8FCC009CE0FA /* Preview Content */ = {
			isa = PBXGroup;
			children = (
				A3A5E22E2A5F8FCC009CE0FA /* Preview Assets.xcassets */,
			);
			path = "Preview Content";
			sourceTree = "<group>";
		};
/* End PBXGroup section */

/* Begin PBXNativeTarget section */
		A3A5E2232A5F8FCA009CE0FA /* MakeGame */ = {
			isa = PBXNativeTarget;
			buildConfigurationList = A3A5E2322A5F8FCC009CE0FA /* Build configuration list for PBXNativeTarget "MakeGame" */;
			buildPhases = (
				A3A5E2202A5F8FCA009CE0FA /* Sources */,
				A3A5E2212A5F8FCA009CE0FA /* Frameworks */,
				A3A5E2222A5F8FCA009CE0FA /* Resources */,
			);
			buildRules = (
			);
			dependencies = (
			);
			name = MakeGame;
			productName = MakeGame;
			productReference = A3A5E2242A5F8FCA009CE0FA /* MakeGame.app */;
			productType = "com.apple.product-type.application";
		};
/* End PBXNativeTarget section */

/* Begin PBXProject section */
		A3A5E21C2A5F8FCA009CE0FA /* Project object */ = {
			isa = PBXProject;
			attributes = {
				BuildIndependentTargetsInParallel = 1;
				LastSwiftUpdateCheck = 1430;
				LastUpgradeCheck = 1430;
				TargetAttributes = {
					A3A5E2232A5F8FCA009CE0FA = {
						CreatedOnToolsVersion = 14.3.1;
					};
				};
			};
			buildConfigurationList = A3A5E21F2A5F8FCA009CE0FA /* Build configuration list for PBXProject "MakeGame" */;
			compatibilityVersion = "Xcode 14.0";
			developmentRegion = en;
			hasScannedForEncodings = 0;
			knownRegions = (
				en,
				Base,
			);
			mainGroup = A3A5E21B2A5F8FCA009CE0FA;
			productRefGroup = A3A5E2252A5F8FCA009CE0FA /* Products */;
			projectDirPath = "";
			projectRoot = "";
			targets = (
				A3A5E2232A5F8FCA009CE0FA /* MakeGame */,
			);
		};
/* End PBXProject section */

/* Begin PBXResourcesBuildPhase section */
		A3A5E2222A5F8FCA009CE0FA /* Resources */ = {
			isa = PBXResourcesBuildPhase;
			buildActionMask = 2147483647;
			files = (
				A3A5E22F2A5F8FCC009CE0FA /* Preview Assets.xcassets in Resources */,
				A3A5E22C2A5F8FCC009CE0FA /* Assets.xcassets in Resources */,
			);
			runOnlyForDeploymentPostprocessing = 0;
		};
/* End PBXResourcesBuildPhase section */

/* Begin PBXSourcesBuildPhase section */
		A3A5E2202A5F8FCA009CE0FA /* Sources */ = {
			isa = PBXSourcesBuildPhase;
			buildActionMask = 2147483647;
			files = (
				A3A5E23A2A5F995A009CE0FA /* GameModel.swift in Sources */,
				A3BE3C272A5FC929001C0E36 /* MenuItemView.swift in Sources */,
				A3A5E22A2A5F8FCA009CE0FA /* GameView.swift in Sources */,
				A3A5E2362A5F8FFF009CE0FA /* CardView.swift in Sources */,
				A3A5E2382A5F94BB009CE0FA /* GridStack.swift in Sources */,
				A3A5E2282A5F8FCA009CE0FA /* MakeGameApp.swift in Sources */,
			);
			runOnlyForDeploymentPostprocessing = 0;
		};
/* End PBXSourcesBuildPhase section */

/* Begin XCBuildConfiguration section */
		A3A5E2302A5F8FCC009CE0FA /* Debug */ = {
			isa = XCBuildConfiguration;
			buildSettings = {
				ALWAYS_SEARCH_USER_PATHS = NO;
				CLANG_ANALYZER_NONNULL = YES;
				CLANG_ANALYZER_NUMBER_OBJECT_CONVERSION = YES_AGGRESSIVE;
				CLANG_CXX_LANGUAGE_STANDARD = "gnu++20";
				CLANG_ENABLE_MODULES = YES;
				CLANG_ENABLE_OBJC_ARC = YES;
				CLANG_ENABLE_OBJC_WEAK = YES;
				CLANG_WARN_BLOCK_CAPTURE_AUTORELEASING = YES;
				CLANG_WARN_BOOL_CONVERSION = YES;
				CLANG_WARN_COMMA = YES;
				CLANG_WARN_CONSTANT_CONVERSION = YES;
				CLANG_WARN_DEPRECATED_OBJC_IMPLEMENTATIONS = YES;
				CLANG_WARN_DIRECT_OBJC_ISA_USAGE = YES_ERROR;
				CLANG_WARN_DOCUMENTATION_COMMENTS = YES;
				CLANG_WARN_EMPTY_BODY = YES;
				CLANG_WARN_ENUM_CONVERSION = YES;
				CLANG_WARN_INFINITE_RECURSION = YES;
				CLANG_WARN_INT_CONVERSION = YES;
				CLANG_WARN_NON_LITERAL_NULL_CONVERSION = YES;
				CLANG_WARN_OBJC_IMPLICIT_RETAIN_SELF = YES;
				CLANG_WARN_OBJC_LITERAL_CONVERSION = YES;
				CLANG_WARN_OBJC_ROOT_CLASS = YES_ERROR;
				CLANG_WARN_QUOTED_INCLUDE_IN_FRAMEWORK_HEADER = YES;
				CLANG_WARN_RANGE_LOOP_ANALYSIS = YES;
				CLANG_WARN_STRICT_PROTOTYPES = YES;
				CLANG_WARN_SUSPICIOUS_MOVE = YES;
				CLANG_WARN_UNGUARDED_AVAILABILITY = YES_AGGRESSIVE;
				CLANG_WARN_UNREACHABLE_CODE = YES;
				CLANG_WARN__DUPLICATE_METHOD_MATCH = YES;
				COPY_PHASE_STRIP = NO;
				DEBUG_INFORMATION_FORMAT = dwarf;
				ENABLE_STRICT_OBJC_MSGSEND = YES;
				ENABLE_TESTABILITY = YES;
				GCC_C_LANGUAGE_STANDARD = gnu11;
				GCC_DYNAMIC_NO_PIC = NO;
				GCC_NO_COMMON_BLOCKS = YES;
				GCC_OPTIMIZATION_LEVEL = 0;
				GCC_PREPROCESSOR_DEFINITIONS = (
					"DEBUG=1",
					"$(inherited)",
				);
				GCC_WARN_64_TO_32_BIT_CONVERSION = YES;
				GCC_WARN_ABOUT_RETURN_TYPE = YES_ERROR;
				GCC_WARN_UNDECLARED_SELECTOR = YES;
				GCC_WARN_UNINITIALIZED_AUTOS = YES_AGGRESSIVE;
				GCC_WARN_UNUSED_FUNCTION = YES;
				GCC_WARN_UNUSED_VARIABLE = YES;
				IPHONEOS_DEPLOYMENT_TARGET = 16.4;
				MTL_ENABLE_DEBUG_INFO = INCLUDE_SOURCE;
				MTL_FAST_MATH = YES;
				ONLY_ACTIVE_ARCH = YES;
				SDKROOT = iphoneos;
				SWIFT_ACTIVE_COMPILATION_CONDITIONS = DEBUG;
				SWIFT_OPTIMIZATION_LEVEL = "-Onone";
			};
			name = Debug;
		};
		A3A5E2312A5F8FCC009CE0FA /* Release */ = {
			isa = XCBuildConfiguration;
			buildSettings = {
				ALWAYS_SEARCH_USER_PATHS = NO;
				CLANG_ANALYZER_NONNULL = YES;
				CLANG_ANALYZER_NUMBER_OBJECT_CONVERSION = YES_AGGRESSIVE;
				CLANG_CXX_LANGUAGE_STANDARD = "gnu++20";
				CLANG_ENABLE_MODULES = YES;
				CLANG_ENABLE_OBJC_ARC = YES;
				CLANG_ENABLE_OBJC_WEAK = YES;
				CLANG_WARN_BLOCK_CAPTURE_AUTORELEASING = YES;
				CLANG_WARN_BOOL_CONVERSION = YES;
				CLANG_WARN_COMMA = YES;
				CLANG_WARN_CONSTANT_CONVERSION = YES;
				CLANG_WARN_DEPRECATED_OBJC_IMPLEMENTATIONS = YES;
				CLANG_WARN_DIRECT_OBJC_ISA_USAGE = YES_ERROR;
				CLANG_WARN_DOCUMENTATION_COMMENTS = YES;
				CLANG_WARN_EMPTY_BODY = YES;
				CLANG_WARN_ENUM_CONVERSION = YES;
				CLANG_WARN_INFINITE_RECURSION = YES;
				CLANG_WARN_INT_CONVERSION = YES;
				CLANG_WARN_NON_LITERAL_NULL_CONVERSION = YES;
				CLANG_WARN_OBJC_IMPLICIT_RETAIN_SELF = YES;
				CLANG_WARN_OBJC_LITERAL_CONVERSION = YES;
				CLANG_WARN_OBJC_ROOT_CLASS = YES_ERROR;
				CLANG_WARN_QUOTED_INCLUDE_IN_FRAMEWORK_HEADER = YES;
				CLANG_WARN_RANGE_LOOP_ANALYSIS = YES;
				CLANG_WARN_STRICT_PROTOTYPES = YES;
				CLANG_WARN_SUSPICIOUS_MOVE = YES;
				CLANG_WARN_UNGUARDED_AVAILABILITY = YES_AGGRESSIVE;
				CLANG_WARN_UNREACHABLE_CODE = YES;
				CLANG_WARN__DUPLICATE_METHOD_MATCH = YES;
				COPY_PHASE_STRIP = NO;
				DEBUG_INFORMATION_FORMAT = "dwarf-with-dsym";
				ENABLE_NS_ASSERTIONS = NO;
				ENABLE_STRICT_OBJC_MSGSEND = YES;
				GCC_C_LANGUAGE_STANDARD = gnu11;
				GCC_NO_COMMON_BLOCKS = YES;
				GCC_WARN_64_TO_32_BIT_CONVERSION = YES;
				GCC_WARN_ABOUT_RETURN_TYPE = YES_ERROR;
				GCC_WARN_UNDECLARED_SELECTOR = YES;
				GCC_WARN_UNINITIALIZED_AUTOS = YES_AGGRESSIVE;
				GCC_WARN_UNUSED_FUNCTION = YES;
				GCC_WARN_UNUSED_VARIABLE = YES;
				IPHONEOS_DEPLOYMENT_TARGET = 16.4;
				MTL_ENABLE_DEBUG_INFO = NO;
				MTL_FAST_MATH = YES;
				SDKROOT = iphoneos;
				SWIFT_COMPILATION_MODE = wholemodule;
				SWIFT_OPTIMIZATION_LEVEL = "-O";
				VALIDATE_PRODUCT = YES;
			};
			name = Release;
		};
		A3A5E2332A5F8FCC009CE0FA /* Debug */ = {
			isa = XCBuildConfiguration;
			buildSettings = {
				ASSETCATALOG_COMPILER_APPICON_NAME = AppIcon;
				ASSETCATALOG_COMPILER_GLOBAL_ACCENT_COLOR_NAME = AccentColor;
				CODE_SIGN_STYLE = Automatic;
				CURRENT_PROJECT_VERSION = 1;
				DEVELOPMENT_ASSET_PATHS = "\"MakeGame/Preview Content\"";
				ENABLE_PREVIEWS = YES;
				GENERATE_INFOPLIST_FILE = YES;
				INFOPLIST_KEY_UIApplicationSceneManifest_Generation = YES;
				INFOPLIST_KEY_UIApplicationSupportsIndirectInputEvents = YES;
				INFOPLIST_KEY_UILaunchScreen_Generation = YES;
				INFOPLIST_KEY_UISupportedInterfaceOrientations_iPad = "UIInterfaceOrientationPortrait UIInterfaceOrientationPortraitUpsideDown UIInterfaceOrientationLandscapeLeft UIInterfaceOrientationLandscapeRight";
				INFOPLIST_KEY_UISupportedInterfaceOrientations_iPhone = "UIInterfaceOrientationPortrait UIInterfaceOrientationLandscapeLeft UIInterfaceOrientationLandscapeRight";
				LD_RUNPATH_SEARCH_PATHS = (
					"$(inherited)",
					"@executable_path/Frameworks",
				);
				MARKETING_VERSION = 1.0;
				PRODUCT_BUNDLE_IDENTIFIER = kr.ac.tukorea.ce.MakeGame;
				PRODUCT_NAME = "$(TARGET_NAME)";
				SWIFT_EMIT_LOC_STRINGS = YES;
				SWIFT_VERSION = 5.0;
				TARGETED_DEVICE_FAMILY = "1,2";
			};
			name = Debug;
		};
		A3A5E2342A5F8FCC009CE0FA /* Release */ = {
			isa = XCBuildConfiguration;
			buildSettings = {
				ASSETCATALOG_COMPILER_APPICON_NAME = AppIcon;
				ASSETCATALOG_COMPILER_GLOBAL_ACCENT_COLOR_NAME = AccentColor;
				CODE_SIGN_STYLE = Automatic;
				CURRENT_PROJECT_VERSION = 1;
				DEVELOPMENT_ASSET_PATHS = "\"MakeGame/Preview Content\"";
				ENABLE_PREVIEWS = YES;
				GENERATE_INFOPLIST_FILE = YES;
				INFOPLIST_KEY_UIApplicationSceneManifest_Generation = YES;
				INFOPLIST_KEY_UIApplicationSupportsIndirectInputEvents = YES;
				INFOPLIST_KEY_UILaunchScreen_Generation = YES;
				INFOPLIST_KEY_UISupportedInterfaceOrientations_iPad = "UIInterfaceOrientationPortrait UIInterfaceOrientationPortraitUpsideDown UIInterfaceOrientationLandscapeLeft UIInterfaceOrientationLandscapeRight";
				INFOPLIST_KEY_UISupportedInterfaceOrientations_iPhone = "UIInterfaceOrientationPortrait UIInterfaceOrientationLandscapeLeft UIInterfaceOrientationLandscapeRight";
				LD_RUNPATH_SEARCH_PATHS = (
					"$(inherited)",
					"@executable_path/Frameworks",
				);
				MARKETING_VERSION = 1.0;
				PRODUCT_BUNDLE_IDENTIFIER = kr.ac.tukorea.ce.MakeGame;
				PRODUCT_NAME = "$(TARGET_NAME)";
				SWIFT_EMIT_LOC_STRINGS = YES;
				SWIFT_VERSION = 5.0;
				TARGETED_DEVICE_FAMILY = "1,2";
			};
			name = Release;
		};
/* End XCBuildConfiguration section */

/* Begin XCConfigurationList section */
		A3A5E21F2A5F8FCA009CE0FA /* Build configuration list for PBXProject "MakeGame" */ = {
			isa = XCConfigurationList;
			buildConfigurations = (
				A3A5E2302A5F8FCC009CE0FA /* Debug */,
				A3A5E2312A5F8FCC009CE0FA /* Release */,
			);
			defaultConfigurationIsVisible = 0;
			defaultConfigurationName = Release;
		};
		A3A5E2322A5F8FCC009CE0FA /* Build configuration list for PBXNativeTarget "MakeGame" */ = {
			isa = XCConfigurationList;
			buildConfigurations = (
				A3A5E2332A5F8FCC009CE0FA /* Debug */,
				A3A5E2342A5F8FCC009CE0FA /* Release */,
			);
			defaultConfigurationIsVisible = 0;
			defaultConfigurationName = Release;
		};
/* End XCConfigurationList section */
	};
	rootObject = A3A5E21C2A5F8FCA009CE0FA /* Project object */;
}
